<?xml version="1.0" encoding="utf-8"?>
<Project ToolsVersion="4.0" xmlns="http://schemas.microsoft.com/developer/msbuild/2003">
  <ItemGroup>
    <ClCompile Include="EGLView.cpp" />
    <ClCompile Include="main.cpp" />
    <ClCompile Include="..\..\sprite\node.cpp">
      <Filter>sprite</Filter>
    </ClCompile>
    <ClCompile Include="..\..\math\point2d.cpp">
      <Filter>math</Filter>
    </ClCompile>
  </ItemGroup>
  <ItemGroup>
    <ClInclude Include="EGLView.h" />
    <ClInclude Include="..\..\sprite\node.h">
      <Filter>sprite</Filter>
    </ClInclude>
    <ClInclude Include="..\..\math\point2d.h">
      <Filter>math</Filter>
    </ClInclude>
  </ItemGroup>
  <ItemGroup>
    <Filter Include="sprite">
      <UniqueIdentifier>{49aeb988-0d6d-433b-aad4-efa345f784e1}</UniqueIdentifier>
    </Filter>
    <Filter Include="math">
      <UniqueIdentifier>{8d862908-daee-49c5-a796-e5fe24d5d448}</UniqueIdentifier>
    </Filter>
  </ItemGroup>
</Project>